
Microsoft Visual Studio Solution File, Format Version 12.00
# Visual Studio Version 16
VisualStudioVersion = 16.0.31019.35
MinimumVisualStudioVersion = 10.0.40219.1
Project("{9A19103F-16F7-4668-BE54-9A1E7A4F7556}") = "EmployeeManagement", "EmployeeManagement\EmployeeManagement.csproj", "{5D0D314B-4DE8-42A3-A88B-25419A29749F}"
EndProject
Project("{FAE04EC0-301F-11D3-BF4B-00C04F79EFBC}") = "EmployeeManagement.Service", "EmployeeManagement.Entities\EmployeeManagement.Service.csproj", "{A30796AC-DD69-4179-BB41-74D1715BB585}"
EndProject
Project("{FAE04EC0-301F-11D3-BF4B-00C04F79EFBC}") = "EM.Entities", "EM.Entities\EM.Entities.csproj", "{49E1F125-D13B-441E-B0E8-5618EF4A2A66}"
EndProject
Global
	GlobalSection(SolutionConfigurationPlatforms) = preSolution
		Debug|Any CPU = Debug|Any CPU
		Release|Any CPU = Release|Any CPU
	EndGlobalSection
	GlobalSection(ProjectConfigurationPlatforms) = postSolution
		{5D0D314B-4DE8-42A3-A88B-25419A29749F}.Debug|Any CPU.ActiveCfg = Debug|Any CPU
		{5D0D314B-4DE8-42A3-A88B-25419A29749F}.Debug|Any CPU.Build.0 = Debug|Any CPU
		{5D0D314B-4DE8-42A3-A88B-25419A29749F}.Release|Any CPU.ActiveCfg = Release|Any CPU
		{5D0D314B-4DE8-42A3-A88B-25419A29749F}.Release|Any CPU.Build.0 = Release|Any CPU
		{A30796AC-DD69-4179-BB41-74D1715BB585}.Debug|Any CPU.ActiveCfg = Debug|Any CPU
		{A30796AC-DD69-4179-BB41-74D1715BB585}.Debug|Any CPU.Build.0 = Debug|Any CPU
		{A30796AC-DD69-4179-BB41-74D1715BB585}.Release|Any CPU.ActiveCfg = Release|Any CPU
		{A30796AC-DD69-4179-BB41-74D1715BB585}.Release|Any CPU.Build.0 = Release|Any CPU
		{49E1F125-D13B-441E-B0E8-5618EF4A2A66}.Debug|Any CPU.ActiveCfg = Debug|Any CPU
		{49E1F125-D13B-441E-B0E8-5618EF4A2A66}.Debug|Any CPU.Build.0 = Debug|Any CPU
		{49E1F125-D13B-441E-B0E8-5618EF4A2A66}.Release|Any CPU.ActiveCfg = Release|Any CPU
		{49E1F125-D13B-441E-B0E8-5618EF4A2A66}.Release|Any CPU.Build.0 = Release|Any CPU
	EndGlobalSection
	GlobalSection(SolutionProperties) = preSolution
		HideSolutionNode = FALSE
	EndGlobalSection
	GlobalSection(ExtensibilityGlobals) = postSolution
		SolutionGuid = {1FEE16E5-86DF-445B-BCD4-D5E03E9B7E59}
	EndGlobalSection
EndGlobal
